lockfileVersion: '9.0'

settings:
  autoInstallPeers: true
  excludeLinksFromLockfile: false

importers:

  .:
    dependencies:
      hono:
        specifier: ^4.7.11
        version: 4.7.11

packages:

  hono@4.7.11:
    resolution: {integrity: sha512-rv0JMwC0KALbbmwJDEnxvQCeJh+xbS3KEWW5PC9cMJ08Ur9xgatI0HmtgYZfOdOSOeYsp5LO2cOhdI8cLEbDEQ==}
    engines: {node: '>=16.9.0'}

snapshots:

  hono@4.7.11: {}
